// !$*UTF8*$!
{
	archiveVersion = 1;
	classes = {
	};
	objectVersion = 50;
	objects = {

/* Begin PBXBuildFile section */
		D44A813C24A29C0E002CB55B /* AppDelegate.m in Sources */ = {isa = PBXBuildFile; fileRef = D44A813B24A29C0E002CB55B /* AppDelegate.m */; };
		D44A813F24A29C0E002CB55B /* SceneDelegate.m in Sources */ = {isa = PBXBuildFile; fileRef = D44A813E24A29C0E002CB55B /* SceneDelegate.m */; };
		D44A814224A29C0E002CB55B /* ViewController.m in Sources */ = {isa = PBXBuildFile; fileRef = D44A814124A29C0E002CB55B /* ViewController.m */; };
		D44A814524A29C0E002CB55B /* Main.storyboard in Resources */ = {isa = PBXBuildFile; fileRef = D44A814324A29C0E002CB55B /* Main.storyboard */; };
		D44A814724A29C10002CB55B /* Assets.xcassets in Resources */ = {isa = PBXBuildFile; fileRef = D44A814624A29C10002CB55B /* Assets.xcassets */; };
		D44A814A24A29C10002CB55B /* LaunchScreen.storyboard in Resources */ = {isa = PBXBuildFile; fileRef = D44A814824A29C10002CB55B /* LaunchScreen.storyboard */; };
		D44A814D24A29C10002CB55B /* main.m in Sources */ = {isa = PBXBuildFile; fileRef = D44A814C24A29C10002CB55B /* main.m */; };
		D44A815724A29C10002CB55B /* TippyTests.m in Sources */ = {isa = PBXBuildFile; fileRef = D44A815624A29C10002CB55B /* TippyTests.m */; };
		D44A816224A29C10002CB55B /* TippyUITests.m in Sources */ = {isa = PBXBuildFile; fileRef = D44A816124A29C10002CB55B /* TippyUITests.m */; };
/* End PBXBuildFile section */

/* Begin PBXContainerItemProxy section */
		D44A815324A29C10002CB55B /* PBXContainerItemProxy */ = {
			isa = PBXContainerItemProxy;
			containerPortal = D44A812F24A29C0E002CB55B /* Project object */;
			proxyType = 1;
			remoteGlobalIDString = D44A813624A29C0E002CB55B;
			remoteInfo = Tippy;
		};
		D44A815E24A29C10002CB55B /* PBXContainerItemProxy */ = {
			isa = PBXContainerItemProxy;
			containerPortal = D44A812F24A29C0E002CB55B /* Project object */;
			proxyType = 1;
			remoteGlobalIDString = D44A813624A29C0E002CB55B;
			remoteInfo = Tippy;
		};
/* End PBXContainerItemProxy section */

/* Begin PBXFileReference section */
		D44A813724A29C0E002CB55B /* Tippy.app */ = {isa = PBXFileReference; explicitFileType = wrapper.application; includeInIndex = 0; path = Tippy.app; sourceTree = BUILT_PRODUCTS_DIR; };
		D44A813A24A29C0E002CB55B /* AppDelegate.h */ = {isa = PBXFileReference; lastKnownFileType = sourcecode.c.h; path = AppDelegate.h; sourceTree = "<group>"; };
		D44A813B24A29C0E002CB55B /* AppDelegate.m */ = {isa = PBXFileReference; lastKnownFileType = sourcecode.c.objc; path = AppDelegate.m; sourceTree = "<group>"; };
		D44A813D24A29C0E002CB55B /* SceneDelegate.h */ = {isa = PBXFileReference; lastKnownFileType = sourcecode.c.h; path = SceneDelegate.h; sourceTree = "<group>"; };
		D44A813E24A29C0E002CB55B /* SceneDelegate.m */ = {isa = PBXFileReference; lastKnownFileType = sourcecode.c.objc; path = SceneDelegate.m; sourceTree = "<group>"; };
		D44A814024A29C0E002CB55B /* ViewController.h */ = {isa = PBXFileReference; lastKnownFileType = sourcecode.c.h; path = ViewController.h; sourceTree = "<group>"; };
		D44A814124A29C0E002CB55B /* ViewController.m */ = {isa = PBXFileReference; lastKnownFileType = sourcecode.c.objc; path = ViewController.m; sourceTree = "<group>"; };
		D44A814424A29C0E002CB55B /* Base */ = {isa = PBXFileReference; lastKnownFileType = file.storyboard; name = Base; path = Base.lproj/Main.storyboard; sourceTree = "<group>"; };
		D44A814624A29C10002CB55B /* Assets.xcassets */ = {isa = PBXFileReference; lastKnownFileType = folder.assetcatalog; path = Assets.xcassets; sourceTree = "<group>"; };
		D44A814924A29C10002CB55B /* Base */ = {isa = PBXFileReference; lastKnownFileType = file.storyboard; name = Base; path = Base.lproj/LaunchScreen.storyboard; sourceTree = "<group>"; };
		D44A814B24A29C10002CB55B /* Info.plist */ = {isa = PBXFileReference; lastKnownFileType = text.plist.xml; path = Info.plist; sourceTree = "<group>"; };
		D44A814C24A29C10002CB55B /* main.m */ = {isa = PBXFileReference; lastKnownFileType = sourcecode.c.objc; path = main.m; sourceTree = "<group>"; };
		D44A815224A29C10002CB55B /* TippyTests.xctest */ = {isa = PBXFileReference; explicitFileType = wrapper.cfbundle; includeInIndex = 0; path = TippyTests.xctest; sourceTree = BUILT_PRODUCTS_DIR; };
		D44A815624A29C10002CB55B /* TippyTests.m */ = {isa = PBXFileReference; lastKnownFileType = sourcecode.c.objc; path = TippyTests.m; sourceTree = "<group>"; };
		D44A815824A29C10002CB55B /* Info.plist */ = {isa = PBXFileReference; lastKnownFileType = text.plist.xml; path = Info.plist; sourceTree = "<group>"; };
		D44A815D24A29C10002CB55B /* TippyUITests.xctest */ = {isa = PBXFileReference; explicitFileType = wrapper.cfbundle; includeInIndex = 0; path = TippyUITests.xctest; sourceTree = BUILT_PRODUCTS_DIR; };
		D44A816124A29C10002CB55B /* TippyUITests.m */ = {isa = PBXFileReference; lastKnownFileType = sourcecode.c.objc; path = TippyUITests.m; sourceTree = "<group>"; };
		D44A816324A29C10002CB55B /* Info.plist */ = {isa = PBXFileReference; lastKnownFileType = text.plist.xml; path = Info.plist; sourceTree = "<group>"; };
/* End PBXFileReference section */

/* Begin PBXFrameworksBuildPhase section */
		D44A813424A29C0E002CB55B /* Frameworks */ = {
			isa = PBXFrameworksBuildPhase;
			buildActionMask = 2147483647;
			files = (
			);
			runOnlyForDeploymentPostprocessing = 0;
		};
		D44A814F24A29C10002CB55B /* Frameworks */ = {
			isa = PBXFrameworksBuildPhase;
			buildActionMask = 2147483647;
			files = (
			);
			runOnlyForDeploymentPostprocessing = 0;
		};
		D44A815A24A29C10002CB55B /* Frameworks */ = {
			isa = PBXFrameworksBuildPhase;
			buildActionMask = 2147483647;
			files = (
			);
			runOnlyForDeploymentPostprocessing = 0;
		};
/* End PBXFrameworksBuildPhase section */

/* Begin PBXGroup section */
		D44A812E24A29C0E002CB55B = {
			isa = PBXGroup;
			children = (
				D44A813924A29C0E002CB55B /* Tippy */,
				D44A815524A29C10002CB55B /* TippyTests */,
				D44A816024A29C10002CB55B /* TippyUITests */,
				D44A813824A29C0E002CB55B /* Products */,
			);
			sourceTree = "<group>";
		};
		D44A813824A29C0E002CB55B /* Products */ = {
			isa = PBXGroup;
			children = (
				D44A813724A29C0E002CB55B /* Tippy.app */,
				D44A815224A29C10002CB55B /* TippyTests.xctest */,
				D44A815D24A29C10002CB55B /* TippyUITests.xctest */,
			);
			name = Products;
			sourceTree = "<group>";
		};
		D44A813924A29C0E002CB55B /* Tippy */ = {
			isa = PBXGroup;
			children = (
				D44A813A24A29C0E002CB55B /* AppDelegate.h */,
				D44A813B24A29C0E002CB55B /* AppDelegate.m */,
				D44A813D24A29C0E002CB55B /* SceneDelegate.h */,
				D44A813E24A29C0E002CB55B /* SceneDelegate.m */,
				D44A814024A29C0E002CB55B /* ViewController.h */,
				D44A814124A29C0E002CB55B /* ViewController.m */,
				D44A814324A29C0E002CB55B /* Main.storyboard */,
				D44A814624A29C10002CB55B /* Assets.xcassets */,
				D44A814824A29C10002CB55B /* LaunchScreen.storyboard */,
				D44A814B24A29C10002CB55B /* Info.plist */,
				D44A814C24A29C10002CB55B /* main.m */,
			);
			path = Tippy;
			sourceTree = "<group>";
		};
		D44A815524A29C10002CB55B /* TippyTests */ = {
			isa = PBXGroup;
			children = (
				D44A815624A29C10002CB55B /* TippyTests.m */,
				D44A815824A29C10002CB55B /* Info.plist */,
			);
			path = TippyTests;
			sourceTree = "<group>";
		};
		D44A816024A29C10002CB55B /* TippyUITests */ = {
			isa = PBXGroup;
			children = (
				D44A816124A29C10002CB55B /* TippyUITests.m */,
				D44A816324A29C10002CB55B /* Info.plist */,
			);
			path = TippyUITests;
			sourceTree = "<group>";
		};
/* End PBXGroup section */

/* Begin PBXNativeTarget section */
		D44A813624A29C0E002CB55B /* Tippy */ = {
			isa = PBXNativeTarget;
			buildConfigurationList = D44A816624A29C10002CB55B /* Build configuration list for PBXNativeTarget "Tippy" */;
			buildPhases = (
				D44A813324A29C0E002CB55B /* Sources */,
				D44A813424A29C0E002CB55B /* Frameworks */,
				D44A813524A29C0E002CB55B /* Resources */,
			);
			buildRules = (
			);
			dependencies = (
			);
			name = Tippy;
			productName = Tippy;
			productReference = D44A813724A29C0E002CB55B /* Tippy.app */;
			productType = "com.apple.product-type.application";
		};
		D44A815124A29C10002CB55B /* TippyTests */ = {
			isa = PBXNativeTarget;
			buildConfigurationList = D44A816924A29C10002CB55B /* Build configuration list for PBXNativeTarget "TippyTests" */;
			buildPhases = (
				D44A814E24A29C10002CB55B /* Sources */,
				D44A814F24A29C10002CB55B /* Frameworks */,
				D44A815024A29C10002CB55B /* Resources */,
			);
			buildRules = (
			);
			dependencies = (
				D44A815424A29C10002CB55B /* PBXTargetDependency */,
			);
			name = TippyTests;
			productName = TippyTests;
			productReference = D44A815224A29C10002CB55B /* TippyTests.xctest */;
			productType = "com.apple.product-type.bundle.unit-test";
		};
		D44A815C24A29C10002CB55B /* TippyUITests */ = {
			isa = PBXNativeTarget;
			buildConfigurationList = D44A816C24A29C10002CB55B /* Build configuration list for PBXNativeTarget "TippyUITests" */;
			buildPhases = (
				D44A815924A29C10002CB55B /* Sources */,
				D44A815A24A29C10002CB55B /* Frameworks */,
				D44A815B24A29C10002CB55B /* Resources */,
			);
			buildRules = (
			);
			dependencies = (
				D44A815F24A29C10002CB55B /* PBXTargetDependency */,
			);
			name = TippyUITests;
			productName = TippyUITests;
			productReference = D44A815D24A29C10002CB55B /* TippyUITests.xctest */;
			productType = "com.apple.product-type.bundle.ui-testing";
		};
/* End PBXNativeTarget section */

/* Begin PBXProject section */
		D44A812F24A29C0E002CB55B /* Project object */ = {
			isa = PBXProject;
			attributes = {
				LastUpgradeCheck = 1150;
				ORGANIZATIONNAME = mercycat;
				TargetAttributes = {
					D44A813624A29C0E002CB55B = {
						CreatedOnToolsVersion = 11.5;
					};
					D44A815124A29C10002CB55B = {
						CreatedOnToolsVersion = 11.5;
						TestTargetID = D44A813624A29C0E002CB55B;
					};
					D44A815C24A29C10002CB55B = {
						CreatedOnToolsVersion = 11.5;
						TestTargetID = D44A813624A29C0E002CB55B;
					};
				};
			};
			buildConfigurationList = D44A813224A29C0E002CB55B /* Build configuration list for PBXProject "Tippy" */;
			compatibilityVersion = "Xcode 9.3";
			developmentRegion = en;
			hasScannedForEncodings = 0;
			knownRegions = (
				en,
				Base,
			);
			mainGroup = D44A812E24A29C0E002CB55B;
			productRefGroup = D44A813824A29C0E002CB55B /* Products */;
			projectDirPath = "";
			projectRoot = "";
			targets = (
				D44A813624A29C0E002CB55B /* Tippy */,
				D44A815124A29C10002CB55B /* TippyTests */,
				D44A815C24A29C10002CB55B /* TippyUITests */,
			);
		};
/* End PBXProject section */

/* Begin PBXResourcesBuildPhase section */
		D44A813524A29C0E002CB55B /* Resources */ = {
			isa = PBXResourcesBuildPhase;
			buildActionMask = 2147483647;
			files = (
				D44A814A24A29C10002CB55B /* LaunchScreen.storyboard in Resources */,
				D44A814724A29C10002CB55B /* Assets.xcassets in Resources */,
				D44A814524A29C0E002CB55B /* Main.storyboard in Resources */,
			);
			runOnlyForDeploymentPostprocessing = 0;
		};
		D44A815024A29C10002CB55B /* Resources */ = {
			isa = PBXResourcesBuildPhase;
			buildActionMask = 2147483647;
			files = (
			);
			runOnlyForDeploymentPostprocessing = 0;
		};
		D44A815B24A29C10002CB55B /* Resources */ = {
			isa = PBXResourcesBuildPhase;
			buildActionMask = 2147483647;
			files = (
			);
			runOnlyForDeploymentPostprocessing = 0;
		};
/* End PBXResourcesBuildPhase section */

/* Begin PBXSourcesBuildPhase section */
		D44A813324A29C0E002CB55B /* Sources */ = {
			isa = PBXSourcesBuildPhase;
			buildActionMask = 2147483647;
			files = (
				D44A814224A29C0E002CB55B /* ViewController.m in Sources */,
				D44A813C24A29C0E002CB55B /* AppDelegate.m in Sources */,
				D44A814D24A29C10002CB55B /* main.m in Sources */,
				D44A813F24A29C0E002CB55B /* SceneDelegate.m in Sources */,
			);
			runOnlyForDeploymentPostprocessing = 0;
		};
		D44A814E24A29C10002CB55B /* Sources */ = {
			isa = PBXSourcesBuildPhase;
			buildActionMask = 2147483647;
			files = (
				D44A815724A29C10002CB55B /* TippyTests.m in Sources */,
			);
			runOnlyForDeploymentPostprocessing = 0;
		};
		D44A815924A29C10002CB55B /* Sources */ = {
			isa = PBXSourcesBuildPhase;
			buildActionMask = 2147483647;
			files = (
				D44A816224A29C10002CB55B /* TippyUITests.m in Sources */,
			);
			runOnlyForDeploymentPostprocessing = 0;
		};
/* End PBXSourcesBuildPhase section */

/* Begin PBXTargetDependency section */
		D44A815424A29C10002CB55B /* PBXTargetDependency */ = {
			isa = PBXTargetDependency;
			target = D44A813624A29C0E002CB55B /* Tippy */;
			targetProxy = D44A815324A29C10002CB55B /* PBXContainerItemProxy */;
		};
		D44A815F24A29C10002CB55B /* PBXTargetDependency */ = {
			isa = PBXTargetDependency;
			target = D44A813624A29C0E002CB55B /* Tippy */;
			targetProxy = D44A815E24A29C10002CB55B /* PBXContainerItemProxy */;
		};
/* End PBXTargetDependency section */

/* Begin PBXVariantGroup section */
		D44A814324A29C0E002CB55B /* Main.storyboard */ = {
			isa = PBXVariantGroup;
			children = (
				D44A814424A29C0E002CB55B /* Base */,
			);
			name = Main.storyboard;
			sourceTree = "<group>";
		};
		D44A814824A29C10002CB55B /* LaunchScreen.storyboard */ = {
			isa = PBXVariantGroup;
			children = (
				D44A814924A29C10002CB55B /* Base */,
			);
			name = LaunchScreen.storyboard;
			sourceTree = "<group>";
		};
/* End PBXVariantGroup section */

/* Begin XCBuildConfiguration section */
		D44A816424A29C10002CB55B /* Debug */ = {
			isa = XCBuildConfiguration;
			buildSettings = {
				ALWAYS_SEARCH_USER_PATHS = NO;
				CLANG_ANALYZER_NONNULL = YES;
				CLANG_ANALYZER_NUMBER_OBJECT_CONVERSION = YES_AGGRESSIVE;
				CLANG_CXX_LANGUAGE_STANDARD = "gnu++14";
				CLANG_CXX_LIBRARY = "libc++";
				CLANG_ENABLE_MODULES = YES;
				CLANG_ENABLE_OBJC_ARC = YES;
				CLANG_ENABLE_OBJC_WEAK = YES;
				CLANG_WARN_BLOCK_CAPTURE_AUTORELEASING = YES;
				CLANG_WARN_BOOL_CONVERSION = YES;
				CLANG_WARN_COMMA = YES;
				CLANG_WARN_CONSTANT_CONVERSION = YES;
				CLANG_WARN_DEPRECATED_OBJC_IMPLEMENTATIONS = YES;
				CLANG_WARN_DIRECT_OBJC_ISA_USAGE = YES_ERROR;
				CLANG_WARN_DOCUMENTATION_COMMENTS = YES;
				CLANG_WARN_EMPTY_BODY = YES;
				CLANG_WARN_ENUM_CONVERSION = YES;
				CLANG_WARN_INFINITE_RECURSION = YES;
				CLANG_WARN_INT_CONVERSION = YES;
				CLANG_WARN_NON_LITERAL_NULL_CONVERSION = YES;
				CLANG_WARN_OBJC_IMPLICIT_RETAIN_SELF = YES;
				CLANG_WARN_OBJC_LITERAL_CONVERSION = YES;
				CLANG_WARN_OBJC_ROOT_CLASS = YES_ERROR;
				CLANG_WARN_RANGE_LOOP_ANALYSIS = YES;
				CLANG_WARN_STRICT_PROTOTYPES = YES;
				CLANG_WARN_SUSPICIOUS_MOVE = YES;
				CLANG_WARN_UNGUARDED_AVAILABILITY = YES_AGGRESSIVE;
				CLANG_WARN_UNREACHABLE_CODE = YES;
				CLANG_WARN__DUPLICATE_METHOD_MATCH = YES;
				COPY_PHASE_STRIP = NO;
				DEBUG_INFORMATION_FORMAT = dwarf;
				ENABLE_STRICT_OBJC_MSGSEND = YES;
				ENABLE_TESTABILITY = YES;
				GCC_C_LANGUAGE_STANDARD = gnu11;
				GCC_DYNAMIC_NO_PIC = NO;
				GCC_NO_COMMON_BLOCKS = YES;
				GCC_OPTIMIZATION_LEVEL = 0;
				GCC_PREPROCESSOR_DEFINITIONS = (
					"DEBUG=1",
					"$(inherited)",
				);
				GCC_WARN_64_TO_32_BIT_CONVERSION = YES;
				GCC_WARN_ABOUT_RETURN_TYPE = YES_ERROR;
				GCC_WARN_UNDECLARED_SELECTOR = YES;
				GCC_WARN_UNINITIALIZED_AUTOS = YES_AGGRESSIVE;
				GCC_WARN_UNUSED_FUNCTION = YES;
				GCC_WARN_UNUSED_VARIABLE = YES;
				IPHONEOS_DEPLOYMENT_TARGET = 13.5;
				MTL_ENABLE_DEBUG_INFO = INCLUDE_SOURCE;
				MTL_FAST_MATH = YES;
				ONLY_ACTIVE_ARCH = YES;
				SDKROOT = iphoneos;
			};
			name = Debug;
		};
		D44A816524A29C10002CB55B /* Release */ = {
			isa = XCBuildConfiguration;
			buildSettings = {
				ALWAYS_SEARCH_USER_PATHS = NO;
				CLANG_ANALYZER_NONNULL = YES;
				CLANG_ANALYZER_NUMBER_OBJECT_CONVERSION = YES_AGGRESSIVE;
				CLANG_CXX_LANGUAGE_STANDARD = "gnu++14";
				CLANG_CXX_LIBRARY = "libc++";
				CLANG_ENABLE_MODULES = YES;
				CLANG_ENABLE_OBJC_ARC = YES;
				CLANG_ENABLE_OBJC_WEAK = YES;
				CLANG_WARN_BLOCK_CAPTURE_AUTORELEASING = YES;
				CLANG_WARN_BOOL_CONVERSION = YES;
				CLANG_WARN_COMMA = YES;
				CLANG_WARN_CONSTANT_CONVERSION = YES;
				CLANG_WARN_DEPRECATED_OBJC_IMPLEMENTATIONS = YES;
				CLANG_WARN_DIRECT_OBJC_ISA_USAGE = YES_ERROR;
				CLANG_WARN_DOCUMENTATION_COMMENTS = YES;
				CLANG_WARN_EMPTY_BODY = YES;
				CLANG_WARN_ENUM_CONVERSION = YES;
				CLANG_WARN_INFINITE_RECURSION = YES;
				CLANG_WARN_INT_CONVERSION = YES;
				CLANG_WARN_NON_LITERAL_NULL_CONVERSION = YES;
				CLANG_WARN_OBJC_IMPLICIT_RETAIN_SELF = YES;
				CLANG_WARN_OBJC_LITERAL_CONVERSION = YES;
				CLANG_WARN_OBJC_ROOT_CLASS = YES_ERROR;
				CLANG_WARN_RANGE_LOOP_ANALYSIS = YES;
				CLANG_WARN_STRICT_PROTOTYPES = YES;
				CLANG_WARN_SUSPICIOUS_MOVE = YES;
				CLANG_WARN_UNGUARDED_AVAILABILITY = YES_AGGRESSIVE;
				CLANG_WARN_UNREACHABLE_CODE = YES;
				CLANG_WARN__DUPLICATE_METHOD_MATCH = YES;
				COPY_PHASE_STRIP = NO;
				DEBUG_INFORMATION_FORMAT = "dwarf-with-dsym";
				ENABLE_NS_ASSERTIONS = NO;
				ENABLE_STRICT_OBJC_MSGSEND = YES;
				GCC_C_LANGUAGE_STANDARD = gnu11;
				GCC_NO_COMMON_BLOCKS = YES;
				GCC_WARN_64_TO_32_BIT_CONVERSION = YES;
				GCC_WARN_ABOUT_RETURN_TYPE = YES_ERROR;
				GCC_WARN_UNDECLARED_SELECTOR = YES;
				GCC_WARN_UNINITIALIZED_AUTOS = YES_AGGRESSIVE;
				GCC_WARN_UNUSED_FUNCTION = YES;
				GCC_WARN_UNUSED_VARIABLE = YES;
				IPHONEOS_DEPLOYMENT_TARGET = 13.5;
				MTL_ENABLE_DEBUG_INFO = NO;
				MTL_FAST_MATH = YES;
				SDKROOT = iphoneos;
				VALIDATE_PRODUCT = YES;
			};
			name = Release;
		};
		D44A816724A29C10002CB55B /* Debug */ = {
			isa = XCBuildConfiguration;
			buildSettings = {
				ASSETCATALOG_COMPILER_APPICON_NAME = AppIcon;
				CODE_SIGN_STYLE = Automatic;
				DEVELOPMENT_TEAM = 7ZHC9LK6JK;
				INFOPLIST_FILE = Tippy/Info.plist;
				LD_RUNPATH_SEARCH_PATHS = (
					"$(inherited)",
					"@executable_path/Frameworks",
				);
				PRODUCT_BUNDLE_IDENTIFIER = com.mercycat.Tippy;
				PRODUCT_NAME = "$(TARGET_NAME)";
				TARGETED_DEVICE_FAMILY = "1,2";
			};
			name = Debug;
		};
		D44A816824A29C10002CB55B /* Release */ = {
			isa = XCBuildConfiguration;
			buildSettings = {
				ASSETCATALOG_COMPILER_APPICON_NAME = AppIcon;
				CODE_SIGN_STYLE = Automatic;
				DEVELOPMENT_TEAM = 7ZHC9LK6JK;
				INFOPLIST_FILE = Tippy/Info.plist;
				LD_RUNPATH_SEARCH_PATHS = (
					"$(inherited)",
					"@executable_path/Frameworks",
				);
				PRODUCT_BUNDLE_IDENTIFIER = com.mercycat.Tippy;
				PRODUCT_NAME = "$(TARGET_NAME)";
				TARGETED_DEVICE_FAMILY = "1,2";
			};
			name = Release;
		};
		D44A816A24A29C10002CB55B /* Debug */ = {
			isa = XCBuildConfiguration;
			buildSettings = {
				BUNDLE_LOADER = "$(TEST_HOST)";
				CODE_SIGN_STYLE = Automatic;
				INFOPLIST_FILE = TippyTests/Info.plist;
				IPHONEOS_DEPLOYMENT_TARGET = 13.5;
				LD_RUNPATH_SEARCH_PATHS = (
					"$(inherited)",
					"@executable_path/Frameworks",
					"@loader_path/Frameworks",
				);
				PRODUCT_BUNDLE_IDENTIFIER = com.mercycat.TippyTests;
				PRODUCT_NAME = "$(TARGET_NAME)";
				TARGETED_DEVICE_FAMILY = "1,2";
				TEST_HOST = "$(BUILT_PRODUCTS_DIR)/Tippy.app/Tippy";
			};
			name = Debug;
		};
		D44A816B24A29C10002CB55B /* Release */ = {
			isa = XCBuildConfiguration;
			buildSettings = {
				BUNDLE_LOADER = "$(TEST_HOST)";
				CODE_SIGN_STYLE = Automatic;
				INFOPLIST_FILE = TippyTests/Info.plist;
				IPHONEOS_DEPLOYMENT_TARGET = 13.5;
				LD_RUNPATH_SEARCH_PATHS = (
					"$(inherited)",
					"@executable_path/Frameworks",
					"@loader_path/Frameworks",
				);
				PRODUCT_BUNDLE_IDENTIFIER = com.mercycat.TippyTests;
				PRODUCT_NAME = "$(TARGET_NAME)";
				TARGETED_DEVICE_FAMILY = "1,2";
				TEST_HOST = "$(BUILT_PRODUCTS_DIR)/Tippy.app/Tippy";
			};
			name = Release;
		};
		D44A816D24A29C10002CB55B /* Debug */ = {
			isa = XCBuildConfiguration;
			buildSettings = {
				CODE_SIGN_STYLE = Automatic;
				INFOPLIST_FILE = TippyUITests/Info.plist;
				LD_RUNPATH_SEARCH_PATHS = (
					"$(inherited)",
					"@executable_path/Frameworks",
					"@loader_path/Frameworks",
				);
				PRODUCT_BUNDLE_IDENTIFIER = com.mercycat.TippyUITests;
				PRODUCT_NAME = "$(TARGET_NAME)";
				TARGETED_DEVICE_FAMILY = "1,2";
				TEST_TARGET_NAME = Tippy;
			};
			name = Debug;
		};
		D44A816E24A29C10002CB55B /* Release */ = {
			isa = XCBuildConfiguration;
			buildSettings = {
				CODE_SIGN_STYLE = Automatic;
				INFOPLIST_FILE = TippyUITests/Info.plist;
				LD_RUNPATH_SEARCH_PATHS = (
					"$(inherited)",
					"@executable_path/Frameworks",
					"@loader_path/Frameworks",
				);
				PRODUCT_BUNDLE_IDENTIFIER = com.mercycat.TippyUITests;
				PRODUCT_NAME = "$(TARGET_NAME)";
				TARGETED_DEVICE_FAMILY = "1,2";
				TEST_TARGET_NAME = Tippy;
			};
			name = Release;
		};
/* End XCBuildConfiguration section */

/* Begin XCConfigurationList section */
		D44A813224A29C0E002CB55B /* Build configuration list for PBXProject "Tippy" */ = {
			isa = XCConfigurationList;
			buildConfigurations = (
				D44A816424A29C10002CB55B /* Debug */,
				D44A816524A29C10002CB55B /* Release */,
			);
			defaultConfigurationIsVisible = 0;
			defaultConfigurationName = Release;
		};
		D44A816624A29C10002CB55B /* Build configuration list for PBXNativeTarget "Tippy" */ = {
			isa = XCConfigurationList;
			buildConfigurations = (
				D44A816724A29C10002CB55B /* Debug */,
				D44A816824A29C10002CB55B /* Release */,
			);
			defaultConfigurationIsVisible = 0;
			defaultConfigurationName = Release;
		};
		D44A816924A29C10002CB55B /* Build configuration list for PBXNativeTarget "TippyTests" */ = {
			isa = XCConfigurationList;
			buildConfigurations = (
				D44A816A24A29C10002CB55B /* Debug */,
				D44A816B24A29C10002CB55B /* Release */,
			);
			defaultConfigurationIsVisible = 0;
			defaultConfigurationName = Release;
		};
		D44A816C24A29C10002CB55B /* Build configuration list for PBXNativeTarget "TippyUITests" */ = {
			isa = XCConfigurationList;
			buildConfigurations = (
				D44A816D24A29C10002CB55B /* Debug */,
				D44A816E24A29C10002CB55B /* Release */,
			);
			defaultConfigurationIsVisible = 0;
			defaultConfigurationName = Release;
		};
/* End XCConfigurationList section */
	};
	rootObject = D44A812F24A29C0E002CB55B /* Project object */;
}
